speakeasyVersion: 1.771.0
sources:
    Glean API:
        sourceNamespace: glean-api-specs
        sourceRevisionDigest: sha256:847b1f126f78c86bb63c1c27b6053ba6a9afe8855aab3e82d1f7f71501a5e840
        sourceBlobDigest: sha256:b685acc261c79f1c7579b236eaff1ea63982eb1f4be4c318bd6c9a24998c6132
        tags:
            - latest
    Glean-OAS:
        sourceNamespace: glean-oas
        sourceRevisionDigest: sha256:8841834dd58ddd4e2dcf98fc90fbd06fbf3626a29df941503cce55b9548a5317
        sourceBlobDigest: sha256:6bc72f74f71a240fd856970a3e7f199b01435c1dbe606428131177cb092508c3
        tags:
            - latest
            - 0.9.0
targets:
    glean:
        source: Glean API
        sourceNamespace: glean-api-specs
        sourceRevisionDigest: sha256:847b1f126f78c86bb63c1c27b6053ba6a9afe8855aab3e82d1f7f71501a5e840
        sourceBlobDigest: sha256:b685acc261c79f1c7579b236eaff1ea63982eb1f4be4c318bd6c9a24998c6132
        codeSamplesNamespace: glean-api-specs-java-code-samples
        codeSamplesRevisionDigest: sha256:23fd3d90cd31a167fd68d0b445256a33d9ed6f54ac66a8602d421692ecf9aa78
workflow:
    workflowVersion: 1.0.0
    speakeasyVersion: latest
    sources:
        Glean API:
            inputs:
                - location: registry.speakeasyapi.dev/glean-el2/sdk/glean-api-specs
            output: .speakeasy/glean-merged-spec.yaml
    targets:
        glean:
            target: java
            source: Glean API
            publish:
                java:
                    ossrhUsername: $ossrh_username
                    ossrhPassword: $ossrh_password
                    gpgSecretKey: $java_gpg_secret_key
                    gpgPassPhrase: $java_gpg_passphrase
            codeSamples:
                registry:
                    location: registry.speakeasyapi.dev/glean-el2/sdk/glean-api-specs-java-code-samples
                labelOverride:
                    fixedValue: Java (API Client)
                blocking: false
