speakeasyVersion: 1.706.1
sources:
    Glean API:
        sourceNamespace: glean-api-specs
        sourceRevisionDigest: sha256:c511e27e1d665ef3b36d1bbc6bb6079bac055d6e1c98abbfcd67936542f1946e
        sourceBlobDigest: sha256:961760d548850ebd2c394edfd63a05f9c52e1644755eb6f15090952b7238bde7
        tags:
            - latest
            - speakeasy-sdk-regen-1770336014
    Glean-OAS:
        sourceNamespace: glean-oas
        sourceRevisionDigest: sha256:8841834dd58ddd4e2dcf98fc90fbd06fbf3626a29df941503cce55b9548a5317
        sourceBlobDigest: sha256:6bc72f74f71a240fd856970a3e7f199b01435c1dbe606428131177cb092508c3
        tags:
            - latest
            - 0.9.0
targets:
    glean:
        source: Glean API
        sourceNamespace: glean-api-specs
        sourceRevisionDigest: sha256:c511e27e1d665ef3b36d1bbc6bb6079bac055d6e1c98abbfcd67936542f1946e
        sourceBlobDigest: sha256:961760d548850ebd2c394edfd63a05f9c52e1644755eb6f15090952b7238bde7
        codeSamplesNamespace: glean-api-specs-java-code-samples
        codeSamplesRevisionDigest: sha256:b40828e5a9c5003706161cf3a24fb7905d6d1fc13defd4714d66d960b770fdc9
workflow:
    workflowVersion: 1.0.0
    speakeasyVersion: latest
    sources:
        Glean API:
            inputs:
                - location: registry.speakeasyapi.dev/glean-el2/sdk/glean-api-specs
            output: .speakeasy/glean-merged-spec.yaml
    targets:
        glean:
            target: java
            source: Glean API
            publish:
                java:
                    ossrhUsername: $ossrh_username
                    ossrhPassword: $ossrh_password
                    gpgSecretKey: $java_gpg_secret_key
                    gpgPassPhrase: $java_gpg_passphrase
            codeSamples:
                registry:
                    location: registry.speakeasyapi.dev/glean-el2/sdk/glean-api-specs-java-code-samples
                labelOverride:
                    fixedValue: Java (API Client)
                blocking: false
