speakeasyVersion: 1.801.0
sources:
    Glean API:
        sourceNamespace: glean-api-specs
        sourceRevisionDigest: sha256:a0dd9a17df047aca8f2ec2a835dea70404fb817a09a6ee2d0d09b71eaecb973c
        sourceBlobDigest: sha256:35595af1e56ff95cca9acf651cf8431b113f9350036d5c60b473e69444a59f67
        tags:
            - latest
    Glean-OAS:
        sourceNamespace: glean-oas
        sourceRevisionDigest: sha256:8841834dd58ddd4e2dcf98fc90fbd06fbf3626a29df941503cce55b9548a5317
        sourceBlobDigest: sha256:6bc72f74f71a240fd856970a3e7f199b01435c1dbe606428131177cb092508c3
        tags:
            - latest
            - 0.9.0
targets:
    glean:
        source: Glean API
        sourceNamespace: glean-api-specs
        sourceRevisionDigest: sha256:a0dd9a17df047aca8f2ec2a835dea70404fb817a09a6ee2d0d09b71eaecb973c
        sourceBlobDigest: sha256:35595af1e56ff95cca9acf651cf8431b113f9350036d5c60b473e69444a59f67
        codeSamplesNamespace: glean-api-specs-java-code-samples
        codeSamplesRevisionDigest: sha256:1af4703ac145edc7cf0476ddc1c6f92c003cc3f4995d324419e8e8fcd938e844
workflow:
    workflowVersion: 1.0.0
    speakeasyVersion: latest
    sources:
        Glean API:
            inputs:
                - location: registry.speakeasyapi.dev/glean-el2/sdk/glean-api-specs
            output: .speakeasy/glean-merged-spec.yaml
    targets:
        glean:
            target: java
            source: Glean API
            publish:
                java:
                    ossrhUsername: $ossrh_username
                    ossrhPassword: $ossrh_password
                    gpgSecretKey: $java_gpg_secret_key
                    gpgPassPhrase: $java_gpg_passphrase
            codeSamples:
                registry:
                    location: registry.speakeasyapi.dev/glean-el2/sdk/glean-api-specs-java-code-samples
                labelOverride:
                    fixedValue: Java (API Client)
                blocking: false
